
Microsoft Visual Studio Solution File, Format Version 12.00
# Visual Studio 15
VisualStudioVersion = 15.0.27703.2018
MinimumVisualStudioVersion = 10.0.40219.1
Project("{FAE04EC0-301F-11D3-BF4B-00C04F79EFBC}") = "ASP.NET Lab22.5", "ASP.NET Lab22.5\ASP.NET Lab22.5.csproj", "{A549DF43-B8FF-4668-8DD8-2154509C2416}"
EndProject
Global
	GlobalSection(SolutionConfigurationPlatforms) = preSolution
		Debug|Any CPU = Debug|Any CPU
		Release|Any CPU = Release|Any CPU
	EndGlobalSection
	GlobalSection(ProjectConfigurationPlatforms) = postSolution
		{A549DF43-B8FF-4668-8DD8-2154509C2416}.Debug|Any CPU.ActiveCfg = Debug|Any CPU
		{A549DF43-B8FF-4668-8DD8-2154509C2416}.Debug|Any CPU.Build.0 = Debug|Any CPU
		{A549DF43-B8FF-4668-8DD8-2154509C2416}.Release|Any CPU.ActiveCfg = Release|Any CPU
		{A549DF43-B8FF-4668-8DD8-2154509C2416}.Release|Any CPU.Build.0 = Release|Any CPU
	EndGlobalSection
	GlobalSection(SolutionProperties) = preSolution
		HideSolutionNode = FALSE
	EndGlobalSection
	GlobalSection(ExtensibilityGlobals) = postSolution
		SolutionGuid = {EE3E01D1-D7CB-484E-95C1-39764B1C1DF5}
	EndGlobalSection
EndGlobal
